
Microsoft Visual Studio Solution File, Format Version 12.00
# Visual Studio Version 17
VisualStudioVersion = 17.2.32519.379
MinimumVisualStudioVersion = 10.0.40219.1
Project("{9A19103F-16F7-4668-BE54-9A1E7A4F7556}") = "CardStorageService", "CardStorageService\CardStorageService.csproj", "{5FCE84E7-0F29-4741-BDC3-78C970362277}"
EndProject
Project("{9A19103F-16F7-4668-BE54-9A1E7A4F7556}") = "CardStorageService.DAL", "CardStorageService.DAL\CardStorageService.DAL.csproj", "{33A67BA8-B389-48A9-8DF6-BC83046EF201}"
EndProject
Project("{FAE04EC0-301F-11D3-BF4B-00C04F79EFBC}") = "TesterClient", "TesterClient\TesterClient.csproj", "{D4B310C8-9F4F-45AE-AB58-94D5162FF158}"
EndProject
Global
	GlobalSection(SolutionConfigurationPlatforms) = preSolution
		Debug|Any CPU = Debug|Any CPU
		Release|Any CPU = Release|Any CPU
	EndGlobalSection
	GlobalSection(ProjectConfigurationPlatforms) = postSolution
		{5FCE84E7-0F29-4741-BDC3-78C970362277}.Debug|Any CPU.ActiveCfg = Debug|Any CPU
		{5FCE84E7-0F29-4741-BDC3-78C970362277}.Debug|Any CPU.Build.0 = Debug|Any CPU
		{5FCE84E7-0F29-4741-BDC3-78C970362277}.Release|Any CPU.ActiveCfg = Release|Any CPU
		{5FCE84E7-0F29-4741-BDC3-78C970362277}.Release|Any CPU.Build.0 = Release|Any CPU
		{33A67BA8-B389-48A9-8DF6-BC83046EF201}.Debug|Any CPU.ActiveCfg = Debug|Any CPU
		{33A67BA8-B389-48A9-8DF6-BC83046EF201}.Debug|Any CPU.Build.0 = Debug|Any CPU
		{33A67BA8-B389-48A9-8DF6-BC83046EF201}.Release|Any CPU.ActiveCfg = Release|Any CPU
		{33A67BA8-B389-48A9-8DF6-BC83046EF201}.Release|Any CPU.Build.0 = Release|Any CPU
		{D4B310C8-9F4F-45AE-AB58-94D5162FF158}.Debug|Any CPU.ActiveCfg = Debug|Any CPU
		{D4B310C8-9F4F-45AE-AB58-94D5162FF158}.Debug|Any CPU.Build.0 = Debug|Any CPU
		{D4B310C8-9F4F-45AE-AB58-94D5162FF158}.Release|Any CPU.ActiveCfg = Release|Any CPU
		{D4B310C8-9F4F-45AE-AB58-94D5162FF158}.Release|Any CPU.Build.0 = Release|Any CPU
	EndGlobalSection
	GlobalSection(SolutionProperties) = preSolution
		HideSolutionNode = FALSE
	EndGlobalSection
	GlobalSection(ExtensibilityGlobals) = postSolution
		SolutionGuid = {116F23E2-B44E-41F8-9E5F-681FD35E2455}
	EndGlobalSection
EndGlobal
