
Microsoft Visual Studio Solution File, Format Version 12.00
# Visual Studio Version 17
VisualStudioVersion = 17.3.32804.467
MinimumVisualStudioVersion = 10.0.40219.1
Project("{FAE04EC0-301F-11D3-BF4B-00C04F79EFBC}") = "FullSearchSamples", "FullSearchSamples\FullSearchSamples.csproj", "{452423C3-C300-405A-94DB-B741F0D692B3}"
EndProject
Global
	GlobalSection(SolutionConfigurationPlatforms) = preSolution
		Debug|Any CPU = Debug|Any CPU
		Release|Any CPU = Release|Any CPU
	EndGlobalSection
	GlobalSection(ProjectConfigurationPlatforms) = postSolution
		{452423C3-C300-405A-94DB-B741F0D692B3}.Debug|Any CPU.ActiveCfg = Debug|Any CPU
		{452423C3-C300-405A-94DB-B741F0D692B3}.Debug|Any CPU.Build.0 = Debug|Any CPU
		{452423C3-C300-405A-94DB-B741F0D692B3}.Release|Any CPU.ActiveCfg = Release|Any CPU
		{452423C3-C300-405A-94DB-B741F0D692B3}.Release|Any CPU.Build.0 = Release|Any CPU
	EndGlobalSection
	GlobalSection(SolutionProperties) = preSolution
		HideSolutionNode = FALSE
	EndGlobalSection
	GlobalSection(ExtensibilityGlobals) = postSolution
		SolutionGuid = {0017AAFA-B2A7-4C96-B970-6FC4CE16E730}
	EndGlobalSection
EndGlobal
